// !$*UTF8*$!
{
	archiveVersion = 1;
	classes = {
	};
	objectVersion = 46;
	objects = {

/* Begin PBXBuildFile section */
		711711431CEF3595009F9367 /* big_tree.bmp in CopyFiles */ = {isa = PBXBuildFile; fileRef = 711711421CEF357B009F9367 /* big_tree.bmp */; };
		711711441CEF3595009F9367 /* cathedral.bmp in CopyFiles */ = {isa = PBXBuildFile; fileRef = 711711401CEF3555009F9367 /* cathedral.bmp */; };
		711711451CEF3595009F9367 /* GUI.glade in CopyFiles */ = {isa = PBXBuildFile; fileRef = 711711411CEF3555009F9367 /* GUI.glade */; };
		716294041CE6332A009026E7 /* libgtk-3.a in Frameworks */ = {isa = PBXBuildFile; fileRef = 716294031CE6332A009026E7 /* libgtk-3.a */; };
		716294051CE63338009026E7 /* libgdk-3.a in Frameworks */ = {isa = PBXBuildFile; fileRef = 716293FE1CE63249009026E7 /* libgdk-3.a */; };
		716294071CE63342009026E7 /* libpangocairo-1.0.a in Frameworks */ = {isa = PBXBuildFile; fileRef = 716294061CE63342009026E7 /* libpangocairo-1.0.a */; };
		716294091CE63355009026E7 /* libpango-1.0.a in Frameworks */ = {isa = PBXBuildFile; fileRef = 716294081CE63355009026E7 /* libpango-1.0.a */; };
		7162940B1CE63361009026E7 /* libatk-1.0.a in Frameworks */ = {isa = PBXBuildFile; fileRef = 7162940A1CE63361009026E7 /* libatk-1.0.a */; };
		7162940D1CE63370009026E7 /* libcairo-gobject.a in Frameworks */ = {isa = PBXBuildFile; fileRef = 7162940C1CE63370009026E7 /* libcairo-gobject.a */; };
		7162940F1CE6337C009026E7 /* libgdk_pixbuf-2.0.0.dylib in Frameworks */ = {isa = PBXBuildFile; fileRef = 7162940E1CE6337C009026E7 /* libgdk_pixbuf-2.0.0.dylib */; };
		716294111CE6338E009026E7 /* libgio-2.0.a in Frameworks */ = {isa = PBXBuildFile; fileRef = 716294101CE6338E009026E7 /* libgio-2.0.a */; };
		716294131CE6339A009026E7 /* libgobject-2.0.a in Frameworks */ = {isa = PBXBuildFile; fileRef = 716294121CE6339A009026E7 /* libgobject-2.0.a */; };
		716294151CE633A3009026E7 /* libglib-2.0.a in Frameworks */ = {isa = PBXBuildFile; fileRef = 716294141CE633A3009026E7 /* libglib-2.0.a */; };
		716294171CE633AB009026E7 /* libintl.a in Frameworks */ = {isa = PBXBuildFile; fileRef = 716294161CE633AB009026E7 /* libintl.a */; };
		7183F0711CE5C7BA003B026B /* main.cpp in Sources */ = {isa = PBXBuildFile; fileRef = 7183F0701CE5C7BA003B026B /* main.cpp */; };
		719C20541CEC7870008CF0C3 /* libfftw3.a in Frameworks */ = {isa = PBXBuildFile; fileRef = 719C20531CEC7870008CF0C3 /* libfftw3.a */; };
/* End PBXBuildFile section */

/* Begin PBXCopyFilesBuildPhase section */
		7183F06B1CE5C7BA003B026B /* CopyFiles */ = {
			isa = PBXCopyFilesBuildPhase;
			buildActionMask = 12;
			dstPath = res;
			dstSubfolderSpec = 6;
			files = (
				711711431CEF3595009F9367 /* big_tree.bmp in CopyFiles */,
				711711441CEF3595009F9367 /* cathedral.bmp in CopyFiles */,
				711711451CEF3595009F9367 /* GUI.glade in CopyFiles */,
			);
			runOnlyForDeploymentPostprocessing = 0;
		};
/* End PBXCopyFilesBuildPhase section */

/* Begin PBXFileReference section */
		7117113D1CEF3392009F9367 /* gtk-image-viewer.h */ = {isa = PBXFileReference; fileEncoding = 4; lastKnownFileType = sourcecode.c.h; name = "gtk-image-viewer.h"; path = "CompressioneDCT/gtk-image-viewer.h"; sourceTree = "<group>"; };
		7117113E1CEF3547009F9367 /* GUI.hpp */ = {isa = PBXFileReference; fileEncoding = 4; lastKnownFileType = sourcecode.cpp.h; path = GUI.hpp; sourceTree = "<group>"; };
		711711401CEF3555009F9367 /* cathedral.bmp */ = {isa = PBXFileReference; lastKnownFileType = image.bmp; path = cathedral.bmp; sourceTree = "<group>"; };
		711711411CEF3555009F9367 /* GUI.glade */ = {isa = PBXFileReference; lastKnownFileType = text.xml; path = GUI.glade; sourceTree = "<group>"; };
		711711421CEF357B009F9367 /* big_tree.bmp */ = {isa = PBXFileReference; lastKnownFileType = image.bmp; path = big_tree.bmp; sourceTree = "<group>"; };
		711C14C71CEB5E390042BB66 /* bitmap_image.hpp */ = {isa = PBXFileReference; fileEncoding = 4; lastKnownFileType = sourcecode.cpp.h; path = bitmap_image.hpp; sourceTree = "<group>"; };
		716293FD1CE63249009026E7 /* libgdk-3.0.dylib */ = {isa = PBXFileReference; lastKnownFileType = "compiled.mach-o.dylib"; name = "libgdk-3.0.dylib"; path = "/opt/local/lib/libgdk-3.0.dylib"; sourceTree = "<absolute>"; };
		716293FE1CE63249009026E7 /* libgdk-3.a */ = {isa = PBXFileReference; lastKnownFileType = archive.ar; name = "libgdk-3.a"; path = "/opt/local/lib/libgdk-3.a"; sourceTree = "<absolute>"; };
		716294011CE63275009026E7 /* libcairo.a */ = {isa = PBXFileReference; lastKnownFileType = archive.ar; name = libcairo.a; path = /opt/local/lib/libcairo.a; sourceTree = "<absolute>"; };
		716294031CE6332A009026E7 /* libgtk-3.a */ = {isa = PBXFileReference; lastKnownFileType = archive.ar; name = "libgtk-3.a"; path = "/opt/local/lib/libgtk-3.a"; sourceTree = "<absolute>"; };
		716294061CE63342009026E7 /* libpangocairo-1.0.a */ = {isa = PBXFileReference; lastKnownFileType = archive.ar; name = "libpangocairo-1.0.a"; path = "/opt/local/lib/libpangocairo-1.0.a"; sourceTree = "<absolute>"; };
		716294081CE63355009026E7 /* libpango-1.0.a */ = {isa = PBXFileReference; lastKnownFileType = archive.ar; name = "libpango-1.0.a"; path = "/opt/local/lib/libpango-1.0.a"; sourceTree = "<absolute>"; };
		7162940A1CE63361009026E7 /* libatk-1.0.a */ = {isa = PBXFileReference; lastKnownFileType = archive.ar; name = "libatk-1.0.a"; path = "/opt/local/lib/libatk-1.0.a"; sourceTree = "<absolute>"; };
		7162940C1CE63370009026E7 /* libcairo-gobject.a */ = {isa = PBXFileReference; lastKnownFileType = archive.ar; name = "libcairo-gobject.a"; path = "/opt/local/lib/libcairo-gobject.a"; sourceTree = "<absolute>"; };
		7162940E1CE6337C009026E7 /* libgdk_pixbuf-2.0.0.dylib */ = {isa = PBXFileReference; lastKnownFileType = "compiled.mach-o.dylib"; name = "libgdk_pixbuf-2.0.0.dylib"; path = "/opt/local/lib/libgdk_pixbuf-2.0.0.dylib"; sourceTree = "<absolute>"; };
		716294101CE6338E009026E7 /* libgio-2.0.a */ = {isa = PBXFileReference; lastKnownFileType = archive.ar; name = "libgio-2.0.a"; path = "/opt/local/lib/libgio-2.0.a"; sourceTree = "<absolute>"; };
		716294121CE6339A009026E7 /* libgobject-2.0.a */ = {isa = PBXFileReference; lastKnownFileType = archive.ar; name = "libgobject-2.0.a"; path = "/opt/local/lib/libgobject-2.0.a"; sourceTree = "<absolute>"; };
		716294141CE633A3009026E7 /* libglib-2.0.a */ = {isa = PBXFileReference; lastKnownFileType = archive.ar; name = "libglib-2.0.a"; path = "/opt/local/lib/libglib-2.0.a"; sourceTree = "<absolute>"; };
		716294161CE633AB009026E7 /* libintl.a */ = {isa = PBXFileReference; lastKnownFileType = archive.ar; name = libintl.a; path = /opt/local/lib/libintl.a; sourceTree = "<absolute>"; };
		7183F06D1CE5C7BA003B026B /* CompressioneDCT */ = {isa = PBXFileReference; explicitFileType = "compiled.mach-o.executable"; includeInIndex = 0; path = CompressioneDCT; sourceTree = BUILT_PRODUCTS_DIR; };
		7183F0701CE5C7BA003B026B /* main.cpp */ = {isa = PBXFileReference; lastKnownFileType = sourcecode.cpp.cpp; path = main.cpp; sourceTree = "<group>"; };
		719C20521CEB684C008CF0C3 /* bitmap_plus.hpp */ = {isa = PBXFileReference; fileEncoding = 4; lastKnownFileType = sourcecode.cpp.h; path = bitmap_plus.hpp; sourceTree = "<group>"; };
		719C20531CEC7870008CF0C3 /* libfftw3.a */ = {isa = PBXFileReference; lastKnownFileType = archive.ar; name = libfftw3.a; path = /opt/local/lib/libfftw3.a; sourceTree = "<absolute>"; };
		71DCBB791CECABC700C41ECE /* DCT.hpp */ = {isa = PBXFileReference; fileEncoding = 4; lastKnownFileType = sourcecode.cpp.h; path = DCT.hpp; sourceTree = "<group>"; };
/* End PBXFileReference section */

/* Begin PBXFrameworksBuildPhase section */
		7183F06A1CE5C7BA003B026B /* Frameworks */ = {
			isa = PBXFrameworksBuildPhase;
			buildActionMask = 2147483647;
			files = (
				716294041CE6332A009026E7 /* libgtk-3.a in Frameworks */,
				716294051CE63338009026E7 /* libgdk-3.a in Frameworks */,
				716294071CE63342009026E7 /* libpangocairo-1.0.a in Frameworks */,
				716294091CE63355009026E7 /* libpango-1.0.a in Frameworks */,
				7162940B1CE63361009026E7 /* libatk-1.0.a in Frameworks */,
				7162940D1CE63370009026E7 /* libcairo-gobject.a in Frameworks */,
				7162940F1CE6337C009026E7 /* libgdk_pixbuf-2.0.0.dylib in Frameworks */,
				716294111CE6338E009026E7 /* libgio-2.0.a in Frameworks */,
				716294131CE6339A009026E7 /* libgobject-2.0.a in Frameworks */,
				716294151CE633A3009026E7 /* libglib-2.0.a in Frameworks */,
				716294171CE633AB009026E7 /* libintl.a in Frameworks */,
				719C20541CEC7870008CF0C3 /* libfftw3.a in Frameworks */,
			);
			runOnlyForDeploymentPostprocessing = 0;
		};
/* End PBXFrameworksBuildPhase section */

/* Begin PBXGroup section */
		7117113C1CEF3339009F9367 /* gtkImageViewer */ = {
			isa = PBXGroup;
			children = (
				7117113D1CEF3392009F9367 /* gtk-image-viewer.h */,
			);
			name = gtkImageViewer;
			sourceTree = "<group>";
		};
		7117113F1CEF3555009F9367 /* res */ = {
			isa = PBXGroup;
			children = (
				711711421CEF357B009F9367 /* big_tree.bmp */,
				711711401CEF3555009F9367 /* cathedral.bmp */,
				711711411CEF3555009F9367 /* GUI.glade */,
			);
			name = res;
			path = CompressioneDCT/res;
			sourceTree = "<group>";
		};
		711C14C61CEB5E100042BB66 /* Bitmap_image */ = {
			isa = PBXGroup;
			children = (
				711C14C71CEB5E390042BB66 /* bitmap_image.hpp */,
			);
			name = Bitmap_image;
			path = CompressioneDCT;
			sourceTree = "<group>";
		};
		716294181CE633D0009026E7 /* GTK-3.0 */ = {
			isa = PBXGroup;
			children = (
				716294161CE633AB009026E7 /* libintl.a */,
				716294141CE633A3009026E7 /* libglib-2.0.a */,
				716294121CE6339A009026E7 /* libgobject-2.0.a */,
				716294101CE6338E009026E7 /* libgio-2.0.a */,
				7162940E1CE6337C009026E7 /* libgdk_pixbuf-2.0.0.dylib */,
				7162940C1CE63370009026E7 /* libcairo-gobject.a */,
				7162940A1CE63361009026E7 /* libatk-1.0.a */,
				716294081CE63355009026E7 /* libpango-1.0.a */,
				716294061CE63342009026E7 /* libpangocairo-1.0.a */,
				716294031CE6332A009026E7 /* libgtk-3.a */,
				716294011CE63275009026E7 /* libcairo.a */,
				716293FD1CE63249009026E7 /* libgdk-3.0.dylib */,
				716293FE1CE63249009026E7 /* libgdk-3.a */,
			);
			name = "GTK-3.0";
			sourceTree = "<group>";
		};
		7183F0641CE5C7BA003B026B = {
			isa = PBXGroup;
			children = (
				7117113C1CEF3339009F9367 /* gtkImageViewer */,
				719C20551CEC789F008CF0C3 /* FFTW3 */,
				711C14C61CEB5E100042BB66 /* Bitmap_image */,
				716294181CE633D0009026E7 /* GTK-3.0 */,
				7183F06F1CE5C7BA003B026B /* Main */,
				7183F06E1CE5C7BA003B026B /* Products */,
				7117113F1CEF3555009F9367 /* res */,
			);
			sourceTree = "<group>";
		};
		7183F06E1CE5C7BA003B026B /* Products */ = {
			isa = PBXGroup;
			children = (
				7183F06D1CE5C7BA003B026B /* CompressioneDCT */,
			);
			name = Products;
			sourceTree = "<group>";
		};
		7183F06F1CE5C7BA003B026B /* Main */ = {
			isa = PBXGroup;
			children = (
				719C20521CEB684C008CF0C3 /* bitmap_plus.hpp */,
				7183F0701CE5C7BA003B026B /* main.cpp */,
				7117113E1CEF3547009F9367 /* GUI.hpp */,
				71DCBB791CECABC700C41ECE /* DCT.hpp */,
			);
			name = Main;
			path = CompressioneDCT;
			sourceTree = "<group>";
		};
		719C20551CEC789F008CF0C3 /* FFTW3 */ = {
			isa = PBXGroup;
			children = (
				719C20531CEC7870008CF0C3 /* libfftw3.a */,
			);
			name = FFTW3;
			sourceTree = "<group>";
		};
/* End PBXGroup section */

/* Begin PBXNativeTarget section */
		7183F06C1CE5C7BA003B026B /* CompressioneDCT */ = {
			isa = PBXNativeTarget;
			buildConfigurationList = 7183F0741CE5C7BA003B026B /* Build configuration list for PBXNativeTarget "CompressioneDCT" */;
			buildPhases = (
				7183F0691CE5C7BA003B026B /* Sources */,
				7183F06A1CE5C7BA003B026B /* Frameworks */,
				7183F06B1CE5C7BA003B026B /* CopyFiles */,
			);
			buildRules = (
			);
			dependencies = (
			);
			name = CompressioneDCT;
			productName = CompressioneDCT;
			productReference = 7183F06D1CE5C7BA003B026B /* CompressioneDCT */;
			productType = "com.apple.product-type.tool";
		};
/* End PBXNativeTarget section */

/* Begin PBXProject section */
		7183F0651CE5C7BA003B026B /* Project object */ = {
			isa = PBXProject;
			attributes = {
				LastUpgradeCheck = 0720;
				ORGANIZATIONNAME = ABeltramo;
				TargetAttributes = {
					7183F06C1CE5C7BA003B026B = {
						CreatedOnToolsVersion = 7.2.1;
					};
				};
			};
			buildConfigurationList = 7183F0681CE5C7BA003B026B /* Build configuration list for PBXProject "CompressioneDCT" */;
			compatibilityVersion = "Xcode 3.2";
			developmentRegion = English;
			hasScannedForEncodings = 0;
			knownRegions = (
				en,
			);
			mainGroup = 7183F0641CE5C7BA003B026B;
			productRefGroup = 7183F06E1CE5C7BA003B026B /* Products */;
			projectDirPath = "";
			projectRoot = "";
			targets = (
				7183F06C1CE5C7BA003B026B /* CompressioneDCT */,
			);
		};
/* End PBXProject section */

/* Begin PBXSourcesBuildPhase section */
		7183F0691CE5C7BA003B026B /* Sources */ = {
			isa = PBXSourcesBuildPhase;
			buildActionMask = 2147483647;
			files = (
				7183F0711CE5C7BA003B026B /* main.cpp in Sources */,
			);
			runOnlyForDeploymentPostprocessing = 0;
		};
/* End PBXSourcesBuildPhase section */

/* Begin XCBuildConfiguration section */
		7183F0721CE5C7BA003B026B /* Debug */ = {
			isa = XCBuildConfiguration;
			buildSettings = {
				ALWAYS_SEARCH_USER_PATHS = NO;
				CLANG_CXX_LANGUAGE_STANDARD = "gnu++0x";
				CLANG_CXX_LIBRARY = "libc++";
				CLANG_ENABLE_MODULES = YES;
				CLANG_ENABLE_OBJC_ARC = YES;
				CLANG_WARN_BOOL_CONVERSION = YES;
				CLANG_WARN_CONSTANT_CONVERSION = YES;
				CLANG_WARN_DIRECT_OBJC_ISA_USAGE = YES_ERROR;
				CLANG_WARN_EMPTY_BODY = YES;
				CLANG_WARN_ENUM_CONVERSION = YES;
				CLANG_WARN_INT_CONVERSION = YES;
				CLANG_WARN_OBJC_ROOT_CLASS = YES_ERROR;
				CLANG_WARN_UNREACHABLE_CODE = YES;
				CLANG_WARN__DUPLICATE_METHOD_MATCH = YES;
				CODE_SIGN_IDENTITY = "-";
				COPY_PHASE_STRIP = NO;
				DEBUG_INFORMATION_FORMAT = dwarf;
				ENABLE_STRICT_OBJC_MSGSEND = YES;
				ENABLE_TESTABILITY = YES;
				GCC_C_LANGUAGE_STANDARD = gnu99;
				GCC_DYNAMIC_NO_PIC = NO;
				GCC_NO_COMMON_BLOCKS = YES;
				GCC_OPTIMIZATION_LEVEL = 0;
				GCC_PREPROCESSOR_DEFINITIONS = (
					"DEBUG=1",
					"$(inherited)",
				);
				GCC_WARN_64_TO_32_BIT_CONVERSION = NO;
				GCC_WARN_ABOUT_RETURN_TYPE = YES_ERROR;
				GCC_WARN_UNDECLARED_SELECTOR = YES;
				GCC_WARN_UNINITIALIZED_AUTOS = YES_AGGRESSIVE;
				GCC_WARN_UNUSED_FUNCTION = YES;
				GCC_WARN_UNUSED_VARIABLE = YES;
				MACOSX_DEPLOYMENT_TARGET = 10.10;
				MTL_ENABLE_DEBUG_INFO = YES;
				ONLY_ACTIVE_ARCH = YES;
				OTHER_CFLAGS = "";
				OTHER_CODE_SIGN_FLAGS = "";
				PRELINK_LIBS = "";
				SDKROOT = macosx;
			};
			name = Debug;
		};
		7183F0731CE5C7BA003B026B /* Release */ = {
			isa = XCBuildConfiguration;
			buildSettings = {
				ALWAYS_SEARCH_USER_PATHS = NO;
				CLANG_CXX_LANGUAGE_STANDARD = "gnu++0x";
				CLANG_CXX_LIBRARY = "libc++";
				CLANG_ENABLE_MODULES = YES;
				CLANG_ENABLE_OBJC_ARC = YES;
				CLANG_WARN_BOOL_CONVERSION = YES;
				CLANG_WARN_CONSTANT_CONVERSION = YES;
				CLANG_WARN_DIRECT_OBJC_ISA_USAGE = YES_ERROR;
				CLANG_WARN_EMPTY_BODY = YES;
				CLANG_WARN_ENUM_CONVERSION = YES;
				CLANG_WARN_INT_CONVERSION = YES;
				CLANG_WARN_OBJC_ROOT_CLASS = YES_ERROR;
				CLANG_WARN_UNREACHABLE_CODE = YES;
				CLANG_WARN__DUPLICATE_METHOD_MATCH = YES;
				CODE_SIGN_IDENTITY = "-";
				COPY_PHASE_STRIP = NO;
				DEBUG_INFORMATION_FORMAT = "dwarf-with-dsym";
				ENABLE_NS_ASSERTIONS = NO;
				ENABLE_STRICT_OBJC_MSGSEND = YES;
				GCC_C_LANGUAGE_STANDARD = gnu99;
				GCC_NO_COMMON_BLOCKS = YES;
				GCC_WARN_64_TO_32_BIT_CONVERSION = NO;
				GCC_WARN_ABOUT_RETURN_TYPE = YES_ERROR;
				GCC_WARN_UNDECLARED_SELECTOR = YES;
				GCC_WARN_UNINITIALIZED_AUTOS = YES_AGGRESSIVE;
				GCC_WARN_UNUSED_FUNCTION = YES;
				GCC_WARN_UNUSED_VARIABLE = YES;
				MACOSX_DEPLOYMENT_TARGET = 10.10;
				MTL_ENABLE_DEBUG_INFO = NO;
				OTHER_CFLAGS = "";
				OTHER_CODE_SIGN_FLAGS = "";
				PRELINK_LIBS = "";
				SDKROOT = macosx;
			};
			name = Release;
		};
		7183F0751CE5C7BA003B026B /* Debug */ = {
			isa = XCBuildConfiguration;
			buildSettings = {
				LIBRARY_SEARCH_PATHS = (
					"$(inherited)",
					/opt/local/lib,
				);
				OTHER_CFLAGS = (
					"-D_REENTRANT",
					"-I/opt/local/include/gtk-3.0",
					"-I/opt/local/include/at-spi2-atk/2.0",
					"-I/opt/local/include/at-spi-2.0",
					"-I/opt/local/include/dbus-1.0",
					"-I/opt/local/lib/dbus-1.0/include",
					"-I/opt/local/include/gtk-3.0",
					"-I/opt/local/include/gio-unix-2.0/",
					"-I/opt/local/include",
					"-I/opt/local/include/cairo",
					"-I/opt/local/include",
					"-I/opt/local/include/pango-1.0",
					"-I/opt/local/include/harfbuzz",
					"-I/opt/local/include",
					"-I/opt/local/include/pango-1.0",
					"-I/opt/local/include/atk-1.0",
					"-I/opt/local/include/cairo",
					"-I/opt/local/include/pixman-1",
					"-I/opt/local/include",
					"-I/opt/local/include/freetype2",
					"-I/opt/local/include",
					"-I/opt/local/include/freetype2",
					"-I/opt/local/include/libpng16",
					"-I/opt/local/include",
					"-I/opt/local/include/gdk-pixbuf-2.0",
					"-I/opt/local/include/libpng16",
					"-I/opt/local/include/glib-2.0",
					"-I/opt/local/lib/glib-2.0/include",
					"-I/opt/local/include",
				);
				PRODUCT_NAME = "$(TARGET_NAME)";
			};
			name = Debug;
		};
		7183F0761CE5C7BA003B026B /* Release */ = {
			isa = XCBuildConfiguration;
			buildSettings = {
				LIBRARY_SEARCH_PATHS = (
					"$(inherited)",
					/opt/local/lib,
				);
				OTHER_CFLAGS = (
					"-D_REENTRANT",
					"-I/opt/local/include/gtk-3.0",
					"-I/opt/local/include/at-spi2-atk/2.0",
					"-I/opt/local/include/at-spi-2.0",
					"-I/opt/local/include/dbus-1.0",
					"-I/opt/local/lib/dbus-1.0/include",
					"-I/opt/local/include/gtk-3.0",
					"-I/opt/local/include/gio-unix-2.0/",
					"-I/opt/local/include",
					"-I/opt/local/include/cairo",
					"-I/opt/local/include",
					"-I/opt/local/include/pango-1.0",
					"-I/opt/local/include/harfbuzz",
					"-I/opt/local/include",
					"-I/opt/local/include/pango-1.0",
					"-I/opt/local/include/atk-1.0",
					"-I/opt/local/include/cairo",
					"-I/opt/local/include/pixman-1",
					"-I/opt/local/include",
					"-I/opt/local/include/freetype2",
					"-I/opt/local/include",
					"-I/opt/local/include/freetype2",
					"-I/opt/local/include/libpng16",
					"-I/opt/local/include",
					"-I/opt/local/include/gdk-pixbuf-2.0",
					"-I/opt/local/include/libpng16",
					"-I/opt/local/include/glib-2.0",
					"-I/opt/local/lib/glib-2.0/include",
					"-I/opt/local/include",
				);
				PRODUCT_NAME = "$(TARGET_NAME)";
			};
			name = Release;
		};
/* End XCBuildConfiguration section */

/* Begin XCConfigurationList section */
		7183F0681CE5C7BA003B026B /* Build configuration list for PBXProject "CompressioneDCT" */ = {
			isa = XCConfigurationList;
			buildConfigurations = (
				7183F0721CE5C7BA003B026B /* Debug */,
				7183F0731CE5C7BA003B026B /* Release */,
			);
			defaultConfigurationIsVisible = 0;
			defaultConfigurationName = Release;
		};
		7183F0741CE5C7BA003B026B /* Build configuration list for PBXNativeTarget "CompressioneDCT" */ = {
			isa = XCConfigurationList;
			buildConfigurations = (
				7183F0751CE5C7BA003B026B /* Debug */,
				7183F0761CE5C7BA003B026B /* Release */,
			);
			defaultConfigurationIsVisible = 0;
			defaultConfigurationName = Release;
		};
/* End XCConfigurationList section */
	};
	rootObject = 7183F0651CE5C7BA003B026B /* Project object */;
}
